// !$*UTF8*$!
{
	archiveVersion = 1;
	classes = {
	};
	objectVersion = 56;
	objects = {

/* Begin PBXBuildFile section */
		3C0101082B3B3FEA00641DCE /* AllUIElementsApp.swift in Sources */ = {isa = PBXBuildFile; fileRef = 3C0101072B3B3FEA00641DCE /* AllUIElementsApp.swift */; };
		3C01010A2B3B3FEA00641DCE /* ContentView.swift in Sources */ = {isa = PBXBuildFile; fileRef = 3C0101092B3B3FEA00641DCE /* ContentView.swift */; };
		3C01010C2B3B3FEB00641DCE /* Assets.xcassets in Resources */ = {isa = PBXBuildFile; fileRef = 3C01010B2B3B3FEB00641DCE /* Assets.xcassets */; };
		3C01010F2B3B3FEB00641DCE /* Preview Assets.xcassets in Resources */ = {isa = PBXBuildFile; fileRef = 3C01010E2B3B3FEB00641DCE /* Preview Assets.xcassets */; };
		3C2465682B496DD400964AD3 /* TemperatureConverstion.swift in Sources */ = {isa = PBXBuildFile; fileRef = 3C2465672B496DD400964AD3 /* TemperatureConverstion.swift */; };
		3CBF18292B4706F10054A9A0 /* Forms.swift in Sources */ = {isa = PBXBuildFile; fileRef = 3CBF18282B4706F10054A9A0 /* Forms.swift */; };
		3CBF182B2B4710390054A9A0 /* StateProperty.swift in Sources */ = {isa = PBXBuildFile; fileRef = 3CBF182A2B4710390054A9A0 /* StateProperty.swift */; };
		3CBF182D2B4712180054A9A0 /* TextFeilds.swift in Sources */ = {isa = PBXBuildFile; fileRef = 3CBF182C2B4712180054A9A0 /* TextFeilds.swift */; };
		3CBF182F2B4713340054A9A0 /* Loops.swift in Sources */ = {isa = PBXBuildFile; fileRef = 3CBF182E2B4713340054A9A0 /* Loops.swift */; };
/* End PBXBuildFile section */

/* Begin PBXFileReference section */
		3C0101042B3B3FEA00641DCE /* AllUIElements.app */ = {isa = PBXFileReference; explicitFileType = wrapper.application; includeInIndex = 0; path = AllUIElements.app; sourceTree = BUILT_PRODUCTS_DIR; };
		3C0101072B3B3FEA00641DCE /* AllUIElementsApp.swift */ = {isa = PBXFileReference; lastKnownFileType = sourcecode.swift; path = AllUIElementsApp.swift; sourceTree = "<group>"; };
		3C0101092B3B3FEA00641DCE /* ContentView.swift */ = {isa = PBXFileReference; lastKnownFileType = sourcecode.swift; path = ContentView.swift; sourceTree = "<group>"; };
		3C01010B2B3B3FEB00641DCE /* Assets.xcassets */ = {isa = PBXFileReference; lastKnownFileType = folder.assetcatalog; path = Assets.xcassets; sourceTree = "<group>"; };
		3C01010E2B3B3FEB00641DCE /* Preview Assets.xcassets */ = {isa = PBXFileReference; lastKnownFileType = folder.assetcatalog; path = "Preview Assets.xcassets"; sourceTree = "<group>"; };
		3C2465672B496DD400964AD3 /* TemperatureConverstion.swift */ = {isa = PBXFileReference; lastKnownFileType = sourcecode.swift; path = TemperatureConverstion.swift; sourceTree = "<group>"; };
		3CBF18282B4706F10054A9A0 /* Forms.swift */ = {isa = PBXFileReference; lastKnownFileType = sourcecode.swift; path = Forms.swift; sourceTree = "<group>"; };
		3CBF182A2B4710390054A9A0 /* StateProperty.swift */ = {isa = PBXFileReference; lastKnownFileType = sourcecode.swift; path = StateProperty.swift; sourceTree = "<group>"; };
		3CBF182C2B4712180054A9A0 /* TextFeilds.swift */ = {isa = PBXFileReference; lastKnownFileType = sourcecode.swift; path = TextFeilds.swift; sourceTree = "<group>"; };
		3CBF182E2B4713340054A9A0 /* Loops.swift */ = {isa = PBXFileReference; lastKnownFileType = sourcecode.swift; path = Loops.swift; sourceTree = "<group>"; };
/* End PBXFileReference section */

/* Begin PBXFrameworksBuildPhase section */
		3C0101012B3B3FEA00641DCE /* Frameworks */ = {
			isa = PBXFrameworksBuildPhase;
			buildActionMask = 2147483647;
			files = (
			);
			runOnlyForDeploymentPostprocessing = 0;
		};
/* End PBXFrameworksBuildPhase section */

/* Begin PBXGroup section */
		3C0100FB2B3B3FEA00641DCE = {
			isa = PBXGroup;
			children = (
				3C0101062B3B3FEA00641DCE /* AllUIElements */,
				3C0101052B3B3FEA00641DCE /* Products */,
			);
			sourceTree = "<group>";
		};
		3C0101052B3B3FEA00641DCE /* Products */ = {
			isa = PBXGroup;
			children = (
				3C0101042B3B3FEA00641DCE /* AllUIElements.app */,
			);
			name = Products;
			sourceTree = "<group>";
		};
		3C0101062B3B3FEA00641DCE /* AllUIElements */ = {
			isa = PBXGroup;
			children = (
				3CBF18262B4696750054A9A0 /* HackingWithSwift */,
				3C1F372E2B3C64A500D95D5F /* BasicViews */,
				3C0101072B3B3FEA00641DCE /* AllUIElementsApp.swift */,
				3C0101092B3B3FEA00641DCE /* ContentView.swift */,
				3C01010B2B3B3FEB00641DCE /* Assets.xcassets */,
				3C01010D2B3B3FEB00641DCE /* Preview Content */,
			);
			path = AllUIElements;
			sourceTree = "<group>";
		};
		3C01010D2B3B3FEB00641DCE /* Preview Content */ = {
			isa = PBXGroup;
			children = (
				3C01010E2B3B3FEB00641DCE /* Preview Assets.xcassets */,
			);
			path = "Preview Content";
			sourceTree = "<group>";
		};
		3C1F372E2B3C64A500D95D5F /* BasicViews */ = {
			isa = PBXGroup;
			children = (
				3CBF18282B4706F10054A9A0 /* Forms.swift */,
				3CBF182A2B4710390054A9A0 /* StateProperty.swift */,
				3CBF182C2B4712180054A9A0 /* TextFeilds.swift */,
				3CBF182E2B4713340054A9A0 /* Loops.swift */,
			);
			path = BasicViews;
			sourceTree = "<group>";
		};
		3CBF18262B4696750054A9A0 /* HackingWithSwift */ = {
			isa = PBXGroup;
			children = (
				3CBF18272B4696850054A9A0 /* Project1_(UnitConverstion) */,
			);
			path = HackingWithSwift;
			sourceTree = "<group>";
		};
		3CBF18272B4696850054A9A0 /* Project1_(UnitConverstion) */ = {
			isa = PBXGroup;
			children = (
				3C2465672B496DD400964AD3 /* TemperatureConverstion.swift */,
			);
			path = "Project1_(UnitConverstion)";
			sourceTree = "<group>";
		};
/* End PBXGroup section */

/* Begin PBXNativeTarget section */
		3C0101032B3B3FEA00641DCE /* AllUIElements */ = {
			isa = PBXNativeTarget;
			buildConfigurationList = 3C0101122B3B3FEB00641DCE /* Build configuration list for PBXNativeTarget "AllUIElements" */;
			buildPhases = (
				3C0101002B3B3FEA00641DCE /* Sources */,
				3C0101012B3B3FEA00641DCE /* Frameworks */,
				3C0101022B3B3FEA00641DCE /* Resources */,
			);
			buildRules = (
			);
			dependencies = (
			);
			name = AllUIElements;
			productName = AllUIElements;
			productReference = 3C0101042B3B3FEA00641DCE /* AllUIElements.app */;
			productType = "com.apple.product-type.application";
		};
/* End PBXNativeTarget section */

/* Begin PBXProject section */
		3C0100FC2B3B3FEA00641DCE /* Project object */ = {
			isa = PBXProject;
			attributes = {
				BuildIndependentTargetsInParallel = 1;
				LastSwiftUpdateCheck = 1510;
				LastUpgradeCheck = 1510;
				TargetAttributes = {
					3C0101032B3B3FEA00641DCE = {
						CreatedOnToolsVersion = 15.1;
					};
				};
			};
			buildConfigurationList = 3C0100FF2B3B3FEA00641DCE /* Build configuration list for PBXProject "AllUIElements" */;
			compatibilityVersion = "Xcode 14.0";
			developmentRegion = en;
			hasScannedForEncodings = 0;
			knownRegions = (
				en,
				Base,
			);
			mainGroup = 3C0100FB2B3B3FEA00641DCE;
			productRefGroup = 3C0101052B3B3FEA00641DCE /* Products */;
			projectDirPath = "";
			projectRoot = "";
			targets = (
				3C0101032B3B3FEA00641DCE /* AllUIElements */,
			);
		};
/* End PBXProject section */

/* Begin PBXResourcesBuildPhase section */
		3C0101022B3B3FEA00641DCE /* Resources */ = {
			isa = PBXResourcesBuildPhase;
			buildActionMask = 2147483647;
			files = (
				3C01010F2B3B3FEB00641DCE /* Preview Assets.xcassets in Resources */,
				3C01010C2B3B3FEB00641DCE /* Assets.xcassets in Resources */,
			);
			runOnlyForDeploymentPostprocessing = 0;
		};
/* End PBXResourcesBuildPhase section */

/* Begin PBXSourcesBuildPhase section */
		3C0101002B3B3FEA00641DCE /* Sources */ = {
			isa = PBXSourcesBuildPhase;
			buildActionMask = 2147483647;
			files = (
				3CBF182B2B4710390054A9A0 /* StateProperty.swift in Sources */,
				3CBF182F2B4713340054A9A0 /* Loops.swift in Sources */,
				3CBF182D2B4712180054A9A0 /* TextFeilds.swift in Sources */,
				3C01010A2B3B3FEA00641DCE /* ContentView.swift in Sources */,
				3C0101082B3B3FEA00641DCE /* AllUIElementsApp.swift in Sources */,
				3C2465682B496DD400964AD3 /* TemperatureConverstion.swift in Sources */,
				3CBF18292B4706F10054A9A0 /* Forms.swift in Sources */,
			);
			runOnlyForDeploymentPostprocessing = 0;
		};
/* End PBXSourcesBuildPhase section */

/* Begin XCBuildConfiguration section */
		3C0101102B3B3FEB00641DCE /* Debug */ = {
			isa = XCBuildConfiguration;
			buildSettings = {
				ALWAYS_SEARCH_USER_PATHS = NO;
				ASSETCATALOG_COMPILER_GENERATE_SWIFT_ASSET_SYMBOL_EXTENSIONS = YES;
				CLANG_ANALYZER_NONNULL = YES;
				CLANG_ANALYZER_NUMBER_OBJECT_CONVERSION = YES_AGGRESSIVE;
				CLANG_CXX_LANGUAGE_STANDARD = "gnu++20";
				CLANG_ENABLE_MODULES = YES;
				CLANG_ENABLE_OBJC_ARC = YES;
				CLANG_ENABLE_OBJC_WEAK = YES;
				CLANG_WARN_BLOCK_CAPTURE_AUTORELEASING = YES;
				CLANG_WARN_BOOL_CONVERSION = YES;
				CLANG_WARN_COMMA = YES;
				CLANG_WARN_CONSTANT_CONVERSION = YES;
				CLANG_WARN_DEPRECATED_OBJC_IMPLEMENTATIONS = YES;
				CLANG_WARN_DIRECT_OBJC_ISA_USAGE = YES_ERROR;
				CLANG_WARN_DOCUMENTATION_COMMENTS = YES;
				CLANG_WARN_EMPTY_BODY = YES;
				CLANG_WARN_ENUM_CONVERSION = YES;
				CLANG_WARN_INFINITE_RECURSION = YES;
				CLANG_WARN_INT_CONVERSION = YES;
				CLANG_WARN_NON_LITERAL_NULL_CONVERSION = YES;
				CLANG_WARN_OBJC_IMPLICIT_RETAIN_SELF = YES;
				CLANG_WARN_OBJC_LITERAL_CONVERSION = YES;
				CLANG_WARN_OBJC_ROOT_CLASS = YES_ERROR;
				CLANG_WARN_QUOTED_INCLUDE_IN_FRAMEWORK_HEADER = YES;
				CLANG_WARN_RANGE_LOOP_ANALYSIS = YES;
				CLANG_WARN_STRICT_PROTOTYPES = YES;
				CLANG_WARN_SUSPICIOUS_MOVE = YES;
				CLANG_WARN_UNGUARDED_AVAILABILITY = YES_AGGRESSIVE;
				CLANG_WARN_UNREACHABLE_CODE = YES;
				CLANG_WARN__DUPLICATE_METHOD_MATCH = YES;
				COPY_PHASE_STRIP = NO;
				DEBUG_INFORMATION_FORMAT = dwarf;
				ENABLE_STRICT_OBJC_MSGSEND = YES;
				ENABLE_TESTABILITY = YES;
				ENABLE_USER_SCRIPT_SANDBOXING = YES;
				GCC_C_LANGUAGE_STANDARD = gnu17;
				GCC_DYNAMIC_NO_PIC = NO;
				GCC_NO_COMMON_BLOCKS = YES;
				GCC_OPTIMIZATION_LEVEL = 0;
				GCC_PREPROCESSOR_DEFINITIONS = (
					"DEBUG=1",
					"$(inherited)",
				);
				GCC_WARN_64_TO_32_BIT_CONVERSION = YES;
				GCC_WARN_ABOUT_RETURN_TYPE = YES_ERROR;
				GCC_WARN_UNDECLARED_SELECTOR = YES;
				GCC_WARN_UNINITIALIZED_AUTOS = YES_AGGRESSIVE;
				GCC_WARN_UNUSED_FUNCTION = YES;
				GCC_WARN_UNUSED_VARIABLE = YES;
				IPHONEOS_DEPLOYMENT_TARGET = 17.2;
				LOCALIZATION_PREFERS_STRING_CATALOGS = YES;
				MTL_ENABLE_DEBUG_INFO = INCLUDE_SOURCE;
				MTL_FAST_MATH = YES;
				ONLY_ACTIVE_ARCH = YES;
				SDKROOT = iphoneos;
				SWIFT_ACTIVE_COMPILATION_CONDITIONS = "DEBUG $(inherited)";
				SWIFT_OPTIMIZATION_LEVEL = "-Onone";
			};
			name = Debug;
		};
		3C0101112B3B3FEB00641DCE /* Release */ = {
			isa = XCBuildConfiguration;
			buildSettings = {
				ALWAYS_SEARCH_USER_PATHS = NO;
				ASSETCATALOG_COMPILER_GENERATE_SWIFT_ASSET_SYMBOL_EXTENSIONS = YES;
				CLANG_ANALYZER_NONNULL = YES;
				CLANG_ANALYZER_NUMBER_OBJECT_CONVERSION = YES_AGGRESSIVE;
				CLANG_CXX_LANGUAGE_STANDARD = "gnu++20";
				CLANG_ENABLE_MODULES = YES;
				CLANG_ENABLE_OBJC_ARC = YES;
				CLANG_ENABLE_OBJC_WEAK = YES;
				CLANG_WARN_BLOCK_CAPTURE_AUTORELEASING = YES;
				CLANG_WARN_BOOL_CONVERSION = YES;
				CLANG_WARN_COMMA = YES;
				CLANG_WARN_CONSTANT_CONVERSION = YES;
				CLANG_WARN_DEPRECATED_OBJC_IMPLEMENTATIONS = YES;
				CLANG_WARN_DIRECT_OBJC_ISA_USAGE = YES_ERROR;
				CLANG_WARN_DOCUMENTATION_COMMENTS = YES;
				CLANG_WARN_EMPTY_BODY = YES;
				CLANG_WARN_ENUM_CONVERSION = YES;
				CLANG_WARN_INFINITE_RECURSION = YES;
				CLANG_WARN_INT_CONVERSION = YES;
				CLANG_WARN_NON_LITERAL_NULL_CONVERSION = YES;
				CLANG_WARN_OBJC_IMPLICIT_RETAIN_SELF = YES;
				CLANG_WARN_OBJC_LITERAL_CONVERSION = YES;
				CLANG_WARN_OBJC_ROOT_CLASS = YES_ERROR;
				CLANG_WARN_QUOTED_INCLUDE_IN_FRAMEWORK_HEADER = YES;
				CLANG_WARN_RANGE_LOOP_ANALYSIS = YES;
				CLANG_WARN_STRICT_PROTOTYPES = YES;
				CLANG_WARN_SUSPICIOUS_MOVE = YES;
				CLANG_WARN_UNGUARDED_AVAILABILITY = YES_AGGRESSIVE;
				CLANG_WARN_UNREACHABLE_CODE = YES;
				CLANG_WARN__DUPLICATE_METHOD_MATCH = YES;
				COPY_PHASE_STRIP = NO;
				DEBUG_INFORMATION_FORMAT = "dwarf-with-dsym";
				ENABLE_NS_ASSERTIONS = NO;
				ENABLE_STRICT_OBJC_MSGSEND = YES;
				ENABLE_USER_SCRIPT_SANDBOXING = YES;
				GCC_C_LANGUAGE_STANDARD = gnu17;
				GCC_NO_COMMON_BLOCKS = YES;
				GCC_WARN_64_TO_32_BIT_CONVERSION = YES;
				GCC_WARN_ABOUT_RETURN_TYPE = YES_ERROR;
				GCC_WARN_UNDECLARED_SELECTOR = YES;
				GCC_WARN_UNINITIALIZED_AUTOS = YES_AGGRESSIVE;
				GCC_WARN_UNUSED_FUNCTION = YES;
				GCC_WARN_UNUSED_VARIABLE = YES;
				IPHONEOS_DEPLOYMENT_TARGET = 17.2;
				LOCALIZATION_PREFERS_STRING_CATALOGS = YES;
				MTL_ENABLE_DEBUG_INFO = NO;
				MTL_FAST_MATH = YES;
				SDKROOT = iphoneos;
				SWIFT_COMPILATION_MODE = wholemodule;
				VALIDATE_PRODUCT = YES;
			};
			name = Release;
		};
		3C0101132B3B3FEB00641DCE /* Debug */ = {
			isa = XCBuildConfiguration;
			buildSettings = {
				ASSETCATALOG_COMPILER_APPICON_NAME = AppIcon;
				ASSETCATALOG_COMPILER_GLOBAL_ACCENT_COLOR_NAME = AccentColor;
				CODE_SIGN_STYLE = Automatic;
				CURRENT_PROJECT_VERSION = 1;
				DEVELOPMENT_ASSET_PATHS = "\"AllUIElements/Preview Content\"";
				DEVELOPMENT_TEAM = ML7DL48279;
				ENABLE_PREVIEWS = YES;
				GENERATE_INFOPLIST_FILE = YES;
				INFOPLIST_KEY_UIApplicationSceneManifest_Generation = YES;
				INFOPLIST_KEY_UIApplicationSupportsIndirectInputEvents = YES;
				INFOPLIST_KEY_UILaunchScreen_Generation = YES;
				INFOPLIST_KEY_UISupportedInterfaceOrientations_iPad = "UIInterfaceOrientationPortrait UIInterfaceOrientationPortraitUpsideDown UIInterfaceOrientationLandscapeLeft UIInterfaceOrientationLandscapeRight";
				INFOPLIST_KEY_UISupportedInterfaceOrientations_iPhone = "UIInterfaceOrientationPortrait UIInterfaceOrientationLandscapeLeft UIInterfaceOrientationLandscapeRight";
				LD_RUNPATH_SEARCH_PATHS = (
					"$(inherited)",
					"@executable_path/Frameworks",
				);
				MARKETING_VERSION = 1.0;
				PRODUCT_BUNDLE_IDENTIFIER = rubi.AllUIElements;
				PRODUCT_NAME = "$(TARGET_NAME)";
				SWIFT_EMIT_LOC_STRINGS = YES;
				SWIFT_VERSION = 5.0;
				TARGETED_DEVICE_FAMILY = "1,2";
			};
			name = Debug;
		};
		3C0101142B3B3FEB00641DCE /* Release */ = {
			isa = XCBuildConfiguration;
			buildSettings = {
				ASSETCATALOG_COMPILER_APPICON_NAME = AppIcon;
				ASSETCATALOG_COMPILER_GLOBAL_ACCENT_COLOR_NAME = AccentColor;
				CODE_SIGN_STYLE = Automatic;
				CURRENT_PROJECT_VERSION = 1;
				DEVELOPMENT_ASSET_PATHS = "\"AllUIElements/Preview Content\"";
				DEVELOPMENT_TEAM = ML7DL48279;
				ENABLE_PREVIEWS = YES;
				GENERATE_INFOPLIST_FILE = YES;
				INFOPLIST_KEY_UIApplicationSceneManifest_Generation = YES;
				INFOPLIST_KEY_UIApplicationSupportsIndirectInputEvents = YES;
				INFOPLIST_KEY_UILaunchScreen_Generation = YES;
				INFOPLIST_KEY_UISupportedInterfaceOrientations_iPad = "UIInterfaceOrientationPortrait UIInterfaceOrientationPortraitUpsideDown UIInterfaceOrientationLandscapeLeft UIInterfaceOrientationLandscapeRight";
				INFOPLIST_KEY_UISupportedInterfaceOrientations_iPhone = "UIInterfaceOrientationPortrait UIInterfaceOrientationLandscapeLeft UIInterfaceOrientationLandscapeRight";
				LD_RUNPATH_SEARCH_PATHS = (
					"$(inherited)",
					"@executable_path/Frameworks",
				);
				MARKETING_VERSION = 1.0;
				PRODUCT_BUNDLE_IDENTIFIER = rubi.AllUIElements;
				PRODUCT_NAME = "$(TARGET_NAME)";
				SWIFT_EMIT_LOC_STRINGS = YES;
				SWIFT_VERSION = 5.0;
				TARGETED_DEVICE_FAMILY = "1,2";
			};
			name = Release;
		};
/* End XCBuildConfiguration section */

/* Begin XCConfigurationList section */
		3C0100FF2B3B3FEA00641DCE /* Build configuration list for PBXProject "AllUIElements" */ = {
			isa = XCConfigurationList;
			buildConfigurations = (
				3C0101102B3B3FEB00641DCE /* Debug */,
				3C0101112B3B3FEB00641DCE /* Release */,
			);
			defaultConfigurationIsVisible = 0;
			defaultConfigurationName = Release;
		};
		3C0101122B3B3FEB00641DCE /* Build configuration list for PBXNativeTarget "AllUIElements" */ = {
			isa = XCConfigurationList;
			buildConfigurations = (
				3C0101132B3B3FEB00641DCE /* Debug */,
				3C0101142B3B3FEB00641DCE /* Release */,
			);
			defaultConfigurationIsVisible = 0;
			defaultConfigurationName = Release;
		};
/* End XCConfigurationList section */
	};
	rootObject = 3C0100FC2B3B3FEA00641DCE /* Project object */;
}
